
Microsoft Visual Studio Solution File, Format Version 12.00
# Visual Studio Version 17
VisualStudioVersion = 17.5.33627.172
MinimumVisualStudioVersion = 10.0.40219.1
Project("{FAE04EC0-301F-11D3-BF4B-00C04F79EFBC}") = "Emulate", "Emulate\Emulate.csproj", "{42E74A83-3EDD-48D5-8D00-DC74D432708D}"
EndProject
Global
	GlobalSection(SolutionConfigurationPlatforms) = preSolution
		Debug|Any CPU = Debug|Any CPU
		Release|Any CPU = Release|Any CPU
	EndGlobalSection
	GlobalSection(ProjectConfigurationPlatforms) = postSolution
		{42E74A83-3EDD-48D5-8D00-DC74D432708D}.Debug|Any CPU.ActiveCfg = Debug|Any CPU
		{42E74A83-3EDD-48D5-8D00-DC74D432708D}.Debug|Any CPU.Build.0 = Debug|Any CPU
		{42E74A83-3EDD-48D5-8D00-DC74D432708D}.Release|Any CPU.ActiveCfg = Release|Any CPU
		{42E74A83-3EDD-48D5-8D00-DC74D432708D}.Release|Any CPU.Build.0 = Release|Any CPU
	EndGlobalSection
	GlobalSection(SolutionProperties) = preSolution
		HideSolutionNode = FALSE
	EndGlobalSection
	GlobalSection(ExtensibilityGlobals) = postSolution
		SolutionGuid = {4D265A4E-0F4F-445C-8094-80937B29826F}
	EndGlobalSection
EndGlobal
